// !$*UTF8*$!
{
	archiveVersion = 1;
	classes = {
	};
	objectVersion = 51;
	objects = {

/* Begin PBXBuildFile section */
		2D02288C23DFB04200940545 /* ProductsViewController.swift in Sources */ = {isa = PBXBuildFile; fileRef = 2D02288823DFB04200940545 /* ProductsViewController.swift */; };
		2D02288D23DFB04200940545 /* ProductsView.swift in Sources */ = {isa = PBXBuildFile; fileRef = 2D02288923DFB04200940545 /* ProductsView.swift */; };
		2D02288E23DFB04200940545 /* ProductsViewModel.swift in Sources */ = {isa = PBXBuildFile; fileRef = 2D02288A23DFB04200940545 /* ProductsViewModel.swift */; };
		2D02288F23DFB04200940545 /* ProductsView.xib in Resources */ = {isa = PBXBuildFile; fileRef = 2D02288B23DFB04200940545 /* ProductsView.xib */; };
		2D02289423DFB05100940545 /* CartViewController.swift in Sources */ = {isa = PBXBuildFile; fileRef = 2D02289023DFB05100940545 /* CartViewController.swift */; };
		2D02289523DFB05100940545 /* CartView.swift in Sources */ = {isa = PBXBuildFile; fileRef = 2D02289123DFB05100940545 /* CartView.swift */; };
		2D02289623DFB05100940545 /* CartViewModel.swift in Sources */ = {isa = PBXBuildFile; fileRef = 2D02289223DFB05100940545 /* CartViewModel.swift */; };
		2D02289723DFB05100940545 /* CartView.xib in Resources */ = {isa = PBXBuildFile; fileRef = 2D02289323DFB05100940545 /* CartView.xib */; };
		2D0228A123E0E1C000940545 /* ProductCellView.xib in Resources */ = {isa = PBXBuildFile; fileRef = 2D02289F23E0E1C000940545 /* ProductCellView.xib */; };
		2D0228A223E0E1C000940545 /* ProductCellView.swift in Sources */ = {isa = PBXBuildFile; fileRef = 2D0228A023E0E1C000940545 /* ProductCellView.swift */; };
		2D0228A523E0E1CB00940545 /* ItemCellView.xib in Resources */ = {isa = PBXBuildFile; fileRef = 2D0228A323E0E1CB00940545 /* ItemCellView.xib */; };
		2D0228A623E0E1CB00940545 /* ItemCellView.swift in Sources */ = {isa = PBXBuildFile; fileRef = 2D0228A423E0E1CB00940545 /* ItemCellView.swift */; };
		2D0228A923E0F67500940545 /* HeaderView.swift in Sources */ = {isa = PBXBuildFile; fileRef = 2D0228A823E0F67500940545 /* HeaderView.swift */; };
		2D0228AC23E0F77100940545 /* ProductsViewModelTests.swift in Sources */ = {isa = PBXBuildFile; fileRef = 2D0228AB23E0F77100940545 /* ProductsViewModelTests.swift */; };
		2D0228AF23E0FF4C00940545 /* InMemoryProductsRepository.swift in Sources */ = {isa = PBXBuildFile; fileRef = 2D0228AE23E0FF4C00940545 /* InMemoryProductsRepository.swift */; };
		2D0228B123E104E600940545 /* FindProductsMock.swift in Sources */ = {isa = PBXBuildFile; fileRef = 2D0228B023E104E600940545 /* FindProductsMock.swift */; };
		2D478F1C23DCBA960017234B /* AppDelegate.swift in Sources */ = {isa = PBXBuildFile; fileRef = 2D478F1B23DCBA960017234B /* AppDelegate.swift */; };
		2D478F1E23DCBA960017234B /* SceneDelegate.swift in Sources */ = {isa = PBXBuildFile; fileRef = 2D478F1D23DCBA960017234B /* SceneDelegate.swift */; };
		2D478F2523DCBA990017234B /* Assets.xcassets in Resources */ = {isa = PBXBuildFile; fileRef = 2D478F2423DCBA990017234B /* Assets.xcassets */; };
		2D478F2823DCBA990017234B /* LaunchScreen.storyboard in Resources */ = {isa = PBXBuildFile; fileRef = 2D478F2623DCBA990017234B /* LaunchScreen.storyboard */; };
		2D478F4123DCBBA00017234B /* Coordinator.swift in Sources */ = {isa = PBXBuildFile; fileRef = 2D478F4023DCBBA00017234B /* Coordinator.swift */; };
		2D478F4C23DCBE5F0017234B /* Mock.generated.swift in Sources */ = {isa = PBXBuildFile; fileRef = 2D478F4B23DCBE5F0017234B /* Mock.generated.swift */; };
		2D478F4F23DCC21A0017234B /* Product.swift in Sources */ = {isa = PBXBuildFile; fileRef = 2D478F4E23DCC21A0017234B /* Product.swift */; };
		2D478F5123DCC2990017234B /* Price.swift in Sources */ = {isa = PBXBuildFile; fileRef = 2D478F5023DCC2990017234B /* Price.swift */; };
		2D478F5423DCC2FB0017234B /* CartRepository.swift in Sources */ = {isa = PBXBuildFile; fileRef = 2D478F5323DCC2FB0017234B /* CartRepository.swift */; };
		2D478F5623DCC3050017234B /* CartProduct.swift in Sources */ = {isa = PBXBuildFile; fileRef = 2D478F5523DCC3050017234B /* CartProduct.swift */; };
		2D478F5823DCC86B0017234B /* Cart.swift in Sources */ = {isa = PBXBuildFile; fileRef = 2D478F5723DCC86B0017234B /* Cart.swift */; };
		2D478F5A23DCC9570017234B /* Discount.swift in Sources */ = {isa = PBXBuildFile; fileRef = 2D478F5923DCC9570017234B /* Discount.swift */; };
		2D478F5E23DCCA620017234B /* CartTests.swift in Sources */ = {isa = PBXBuildFile; fileRef = 2D478F5D23DCCA620017234B /* CartTests.swift */; };
		2D478F6123DCDA2B0017234B /* InMemoryCartRepository.swift in Sources */ = {isa = PBXBuildFile; fileRef = 2D478F6023DCDA2B0017234B /* InMemoryCartRepository.swift */; };
		2D478F6423DCDB220017234B /* AddProductToCartTests.swift in Sources */ = {isa = PBXBuildFile; fileRef = 2D478F6323DCDB220017234B /* AddProductToCartTests.swift */; };
		2D478F6623DCDC830017234B /* DomainError.swift in Sources */ = {isa = PBXBuildFile; fileRef = 2D478F6523DCDC830017234B /* DomainError.swift */; };
		2D478F6923DCE7DF0017234B /* CartRepositoryMock.swift in Sources */ = {isa = PBXBuildFile; fileRef = 2D478F6823DCE7DF0017234B /* CartRepositoryMock.swift */; };
		2D478F6C23DCE8290017234B /* AddProductToCart.swift in Sources */ = {isa = PBXBuildFile; fileRef = 2D478F6B23DCE8290017234B /* AddProductToCart.swift */; };
		2D478F6E23DCE9300017234B /* CreateCart.swift in Sources */ = {isa = PBXBuildFile; fileRef = 2D478F6D23DCE9300017234B /* CreateCart.swift */; };
		2D478F7023DCEEB60017234B /* GetCartWithDiscountsTests.swift in Sources */ = {isa = PBXBuildFile; fileRef = 2D478F6F23DCEEB60017234B /* GetCartWithDiscountsTests.swift */; };
		2D478F7323DCF4480017234B /* DiscountsService.swift in Sources */ = {isa = PBXBuildFile; fileRef = 2D478F7223DCF4480017234B /* DiscountsService.swift */; };
		2D478F7523DCF45F0017234B /* DiscountsServiceMock.swift in Sources */ = {isa = PBXBuildFile; fileRef = 2D478F7423DCF45F0017234B /* DiscountsServiceMock.swift */; };
		2D478F7723DCF48D0017234B /* GetCartWithDiscounts.swift in Sources */ = {isa = PBXBuildFile; fileRef = 2D478F7623DCF48D0017234B /* GetCartWithDiscounts.swift */; };
		2D57ADF123E4D0C2003FB793 /* Checkout.swift in Sources */ = {isa = PBXBuildFile; fileRef = 2D57ADF023E4D0C2003FB793 /* Checkout.swift */; };
		2D57ADF323E4D2DF003FB793 /* CheckoutMock.swift in Sources */ = {isa = PBXBuildFile; fileRef = 2D57ADF223E4D2DF003FB793 /* CheckoutMock.swift */; };
		2D57ADF623E4D515003FB793 /* Total.swift in Sources */ = {isa = PBXBuildFile; fileRef = 2D57ADF523E4D515003FB793 /* Total.swift */; };
		2D84703F23E23A8A0055A56C /* Factory.swift in Sources */ = {isa = PBXBuildFile; fileRef = 2D84703E23E23A8A0055A56C /* Factory.swift */; };
		2D84704123E23C860055A56C /* AddProductToCartMock.swift in Sources */ = {isa = PBXBuildFile; fileRef = 2D84704023E23C860055A56C /* AddProductToCartMock.swift */; };
		2D84704323E244480055A56C /* CoordinatorMock.swift in Sources */ = {isa = PBXBuildFile; fileRef = 2D84704223E244480055A56C /* CoordinatorMock.swift */; };
		2D84704523E244ED0055A56C /* CartViewModelTests.swift in Sources */ = {isa = PBXBuildFile; fileRef = 2D84704423E244ED0055A56C /* CartViewModelTests.swift */; };
		2D84704723E248000055A56C /* GetCartWithDiscountsMock.swift in Sources */ = {isa = PBXBuildFile; fileRef = 2D84704623E248000055A56C /* GetCartWithDiscountsMock.swift */; };
		2D9F6C5323DE06160042C770 /* DiscountsServiceTests.swift in Sources */ = {isa = PBXBuildFile; fileRef = 2D9F6C5223DE06160042C770 /* DiscountsServiceTests.swift */; };
		2D9F6C5523DE0D200042C770 /* DiscountConditionMock.swift in Sources */ = {isa = PBXBuildFile; fileRef = 2D9F6C5423DE0D200042C770 /* DiscountConditionMock.swift */; };
		2D9F6C5723DE0D790042C770 /* DiscountCondition.swift in Sources */ = {isa = PBXBuildFile; fileRef = 2D9F6C5623DE0D790042C770 /* DiscountCondition.swift */; };
		2D9F6C5B23DE10540042C770 /* Voucher2-for-1ConditionTests.swift in Sources */ = {isa = PBXBuildFile; fileRef = 2D9F6C5A23DE10540042C770 /* Voucher2-for-1ConditionTests.swift */; };
		2D9F6C5E23DE16360042C770 /* Voucher2_for_1Condition.swift in Sources */ = {isa = PBXBuildFile; fileRef = 2D9F6C5D23DE16360042C770 /* Voucher2_for_1Condition.swift */; };
		2D9F6C6023DE16670042C770 /* CartFactoryTests.swift in Sources */ = {isa = PBXBuildFile; fileRef = 2D9F6C5F23DE16670042C770 /* CartFactoryTests.swift */; };
		2D9F6C6223DE189F0042C770 /* Tshirt3OrMoreConditionTests.swift in Sources */ = {isa = PBXBuildFile; fileRef = 2D9F6C6123DE189F0042C770 /* Tshirt3OrMoreConditionTests.swift */; };
		2D9F6C6423DE308C0042C770 /* Tshirt3OrMoreCondition.swift in Sources */ = {isa = PBXBuildFile; fileRef = 2D9F6C6323DE308C0042C770 /* Tshirt3OrMoreCondition.swift */; };
		2D9F6C6623DE337D0042C770 /* ProductsService.swift in Sources */ = {isa = PBXBuildFile; fileRef = 2D9F6C6523DE337D0042C770 /* ProductsService.swift */; };
		2D9F6C6823DE33E50042C770 /* Products.swift in Sources */ = {isa = PBXBuildFile; fileRef = 2D9F6C6723DE33E50042C770 /* Products.swift */; };
		2D9F6C6B23DE341F0042C770 /* ApiProductsService.swift in Sources */ = {isa = PBXBuildFile; fileRef = 2D9F6C6A23DE341F0042C770 /* ApiProductsService.swift */; };
		2D9F6C6E23DE347E0042C770 /* ApiError.swift in Sources */ = {isa = PBXBuildFile; fileRef = 2D9F6C6D23DE347E0042C770 /* ApiError.swift */; };
		2D9F6C7123DE34CC0042C770 /* ProductsResponse.swift in Sources */ = {isa = PBXBuildFile; fileRef = 2D9F6C7023DE34CC0042C770 /* ProductsResponse.swift */; };
		2D9F6C7323DE37100042C770 /* ProductResponse.swift in Sources */ = {isa = PBXBuildFile; fileRef = 2D9F6C7223DE37100042C770 /* ProductResponse.swift */; };
		2D9F6C7523DE38720042C770 /* FindProductsTests.swift in Sources */ = {isa = PBXBuildFile; fileRef = 2D9F6C7423DE38720042C770 /* FindProductsTests.swift */; };
		2D9F6C7723DE6CAD0042C770 /* FindProducts.swift in Sources */ = {isa = PBXBuildFile; fileRef = 2D9F6C7623DE6CAD0042C770 /* FindProducts.swift */; };
		2D9F6C7923DE6CE80042C770 /* ProductsRepository.swift in Sources */ = {isa = PBXBuildFile; fileRef = 2D9F6C7823DE6CE80042C770 /* ProductsRepository.swift */; };
		2D9F6C7B23DE6D060042C770 /* ProductsServiceMock.swift in Sources */ = {isa = PBXBuildFile; fileRef = 2D9F6C7A23DE6D060042C770 /* ProductsServiceMock.swift */; };
		2D9F6C7D23DE6D1E0042C770 /* ProductsRepositoryMock.swift in Sources */ = {isa = PBXBuildFile; fileRef = 2D9F6C7C23DE6D1E0042C770 /* ProductsRepositoryMock.swift */; };
		2DC16A9323E395BB00EF4F5C /* UserDefaultsProductsRepository.swift in Sources */ = {isa = PBXBuildFile; fileRef = 2DC16A9223E395BB00EF4F5C /* UserDefaultsProductsRepository.swift */; };
		2DC16A9523E39A9100EF4F5C /* DeleteProductFromCartTests.swift in Sources */ = {isa = PBXBuildFile; fileRef = 2DC16A9423E39A9100EF4F5C /* DeleteProductFromCartTests.swift */; };
		2DC16A9723E3A4E600EF4F5C /* DeleteProductsFromCart.swift in Sources */ = {isa = PBXBuildFile; fileRef = 2DC16A9623E3A4E600EF4F5C /* DeleteProductsFromCart.swift */; };
		2DC16A9923E3B1CD00EF4F5C /* DeleteProductsFromCartMock.swift in Sources */ = {isa = PBXBuildFile; fileRef = 2DC16A9823E3B1CD00EF4F5C /* DeleteProductsFromCartMock.swift */; };
		895078495319FD41D0EEABEA /* Pods_cabify_mobile_challengeTests.framework in Frameworks */ = {isa = PBXBuildFile; fileRef = 126C20937C29926DC04D624F /* Pods_cabify_mobile_challengeTests.framework */; };
		FB25663634D5338CE600DCF6 /* Pods_cabify_mobile_challenge.framework in Frameworks */ = {isa = PBXBuildFile; fileRef = 497A05FCFB38317348ACE011 /* Pods_cabify_mobile_challenge.framework */; };
/* End PBXBuildFile section */

/* Begin PBXContainerItemProxy section */
		2D478F2F23DCBA990017234B /* PBXContainerItemProxy */ = {
			isa = PBXContainerItemProxy;
			containerPortal = 2D478F1023DCBA960017234B /* Project object */;
			proxyType = 1;
			remoteGlobalIDString = 2D478F1723DCBA960017234B;
			remoteInfo = "cabify-mobile-challenge";
		};
/* End PBXContainerItemProxy section */

/* Begin PBXFileReference section */
		126C20937C29926DC04D624F /* Pods_cabify_mobile_challengeTests.framework */ = {isa = PBXFileReference; explicitFileType = wrapper.framework; includeInIndex = 0; path = Pods_cabify_mobile_challengeTests.framework; sourceTree = BUILT_PRODUCTS_DIR; };
		2D02288823DFB04200940545 /* ProductsViewController.swift */ = {isa = PBXFileReference; lastKnownFileType = sourcecode.swift; path = ProductsViewController.swift; sourceTree = "<group>"; };
		2D02288923DFB04200940545 /* ProductsView.swift */ = {isa = PBXFileReference; lastKnownFileType = sourcecode.swift; path = ProductsView.swift; sourceTree = "<group>"; };
		2D02288A23DFB04200940545 /* ProductsViewModel.swift */ = {isa = PBXFileReference; lastKnownFileType = sourcecode.swift; path = ProductsViewModel.swift; sourceTree = "<group>"; };
		2D02288B23DFB04200940545 /* ProductsView.xib */ = {isa = PBXFileReference; lastKnownFileType = file.xib; path = ProductsView.xib; sourceTree = "<group>"; };
		2D02289023DFB05100940545 /* CartViewController.swift */ = {isa = PBXFileReference; lastKnownFileType = sourcecode.swift; path = CartViewController.swift; sourceTree = "<group>"; };
		2D02289123DFB05100940545 /* CartView.swift */ = {isa = PBXFileReference; lastKnownFileType = sourcecode.swift; path = CartView.swift; sourceTree = "<group>"; };
		2D02289223DFB05100940545 /* CartViewModel.swift */ = {isa = PBXFileReference; lastKnownFileType = sourcecode.swift; path = CartViewModel.swift; sourceTree = "<group>"; };
		2D02289323DFB05100940545 /* CartView.xib */ = {isa = PBXFileReference; lastKnownFileType = file.xib; path = CartView.xib; sourceTree = "<group>"; };
		2D02289F23E0E1C000940545 /* ProductCellView.xib */ = {isa = PBXFileReference; fileEncoding = 4; lastKnownFileType = file.xib; path = ProductCellView.xib; sourceTree = "<group>"; };
		2D0228A023E0E1C000940545 /* ProductCellView.swift */ = {isa = PBXFileReference; fileEncoding = 4; lastKnownFileType = sourcecode.swift; path = ProductCellView.swift; sourceTree = "<group>"; };
		2D0228A323E0E1CB00940545 /* ItemCellView.xib */ = {isa = PBXFileReference; fileEncoding = 4; lastKnownFileType = file.xib; path = ItemCellView.xib; sourceTree = "<group>"; };
		2D0228A423E0E1CB00940545 /* ItemCellView.swift */ = {isa = PBXFileReference; fileEncoding = 4; lastKnownFileType = sourcecode.swift; path = ItemCellView.swift; sourceTree = "<group>"; };
		2D0228A823E0F67500940545 /* HeaderView.swift */ = {isa = PBXFileReference; lastKnownFileType = sourcecode.swift; path = HeaderView.swift; sourceTree = "<group>"; };
		2D0228AB23E0F77100940545 /* ProductsViewModelTests.swift */ = {isa = PBXFileReference; lastKnownFileType = sourcecode.swift; path = ProductsViewModelTests.swift; sourceTree = "<group>"; };
		2D0228AE23E0FF4C00940545 /* InMemoryProductsRepository.swift */ = {isa = PBXFileReference; lastKnownFileType = sourcecode.swift; path = InMemoryProductsRepository.swift; sourceTree = "<group>"; };
		2D0228B023E104E600940545 /* FindProductsMock.swift */ = {isa = PBXFileReference; lastKnownFileType = sourcecode.swift; path = FindProductsMock.swift; sourceTree = "<group>"; };
		2D478F1823DCBA960017234B /* cabify-mobile-challenge.app */ = {isa = PBXFileReference; explicitFileType = wrapper.application; includeInIndex = 0; path = "cabify-mobile-challenge.app"; sourceTree = BUILT_PRODUCTS_DIR; };
		2D478F1B23DCBA960017234B /* AppDelegate.swift */ = {isa = PBXFileReference; lastKnownFileType = sourcecode.swift; path = AppDelegate.swift; sourceTree = "<group>"; };
		2D478F1D23DCBA960017234B /* SceneDelegate.swift */ = {isa = PBXFileReference; lastKnownFileType = sourcecode.swift; path = SceneDelegate.swift; sourceTree = "<group>"; };
		2D478F2423DCBA990017234B /* Assets.xcassets */ = {isa = PBXFileReference; lastKnownFileType = folder.assetcatalog; path = Assets.xcassets; sourceTree = "<group>"; };
		2D478F2723DCBA990017234B /* Base */ = {isa = PBXFileReference; lastKnownFileType = file.storyboard; name = Base; path = Base.lproj/LaunchScreen.storyboard; sourceTree = "<group>"; };
		2D478F2923DCBA990017234B /* Info.plist */ = {isa = PBXFileReference; lastKnownFileType = text.plist.xml; path = Info.plist; sourceTree = "<group>"; };
		2D478F2E23DCBA990017234B /* cabify-mobile-challengeTests.xctest */ = {isa = PBXFileReference; explicitFileType = wrapper.cfbundle; includeInIndex = 0; path = "cabify-mobile-challengeTests.xctest"; sourceTree = BUILT_PRODUCTS_DIR; };
		2D478F3423DCBA990017234B /* Info.plist */ = {isa = PBXFileReference; lastKnownFileType = text.plist.xml; path = Info.plist; sourceTree = "<group>"; };
		2D478F4023DCBBA00017234B /* Coordinator.swift */ = {isa = PBXFileReference; lastKnownFileType = sourcecode.swift; path = Coordinator.swift; sourceTree = "<group>"; };
		2D478F4B23DCBE5F0017234B /* Mock.generated.swift */ = {isa = PBXFileReference; fileEncoding = 4; lastKnownFileType = sourcecode.swift; path = Mock.generated.swift; sourceTree = "<group>"; };
		2D478F4E23DCC21A0017234B /* Product.swift */ = {isa = PBXFileReference; lastKnownFileType = sourcecode.swift; path = Product.swift; sourceTree = "<group>"; };
		2D478F5023DCC2990017234B /* Price.swift */ = {isa = PBXFileReference; lastKnownFileType = sourcecode.swift; path = Price.swift; sourceTree = "<group>"; };
		2D478F5323DCC2FB0017234B /* CartRepository.swift */ = {isa = PBXFileReference; lastKnownFileType = sourcecode.swift; path = CartRepository.swift; sourceTree = "<group>"; };
		2D478F5523DCC3050017234B /* CartProduct.swift */ = {isa = PBXFileReference; lastKnownFileType = sourcecode.swift; path = CartProduct.swift; sourceTree = "<group>"; };
		2D478F5723DCC86B0017234B /* Cart.swift */ = {isa = PBXFileReference; lastKnownFileType = sourcecode.swift; path = Cart.swift; sourceTree = "<group>"; };
		2D478F5923DCC9570017234B /* Discount.swift */ = {isa = PBXFileReference; lastKnownFileType = sourcecode.swift; path = Discount.swift; sourceTree = "<group>"; };
		2D478F5D23DCCA620017234B /* CartTests.swift */ = {isa = PBXFileReference; lastKnownFileType = sourcecode.swift; path = CartTests.swift; sourceTree = "<group>"; };
		2D478F6023DCDA2B0017234B /* InMemoryCartRepository.swift */ = {isa = PBXFileReference; lastKnownFileType = sourcecode.swift; path = InMemoryCartRepository.swift; sourceTree = "<group>"; };
		2D478F6323DCDB220017234B /* AddProductToCartTests.swift */ = {isa = PBXFileReference; lastKnownFileType = sourcecode.swift; path = AddProductToCartTests.swift; sourceTree = "<group>"; };
		2D478F6523DCDC830017234B /* DomainError.swift */ = {isa = PBXFileReference; lastKnownFileType = sourcecode.swift; path = DomainError.swift; sourceTree = "<group>"; };
		2D478F6823DCE7DF0017234B /* CartRepositoryMock.swift */ = {isa = PBXFileReference; lastKnownFileType = sourcecode.swift; path = CartRepositoryMock.swift; sourceTree = "<group>"; };
		2D478F6B23DCE8290017234B /* AddProductToCart.swift */ = {isa = PBXFileReference; lastKnownFileType = sourcecode.swift; path = AddProductToCart.swift; sourceTree = "<group>"; };
		2D478F6D23DCE9300017234B /* CreateCart.swift */ = {isa = PBXFileReference; lastKnownFileType = sourcecode.swift; path = CreateCart.swift; sourceTree = "<group>"; };
		2D478F6F23DCEEB60017234B /* GetCartWithDiscountsTests.swift */ = {isa = PBXFileReference; lastKnownFileType = sourcecode.swift; path = GetCartWithDiscountsTests.swift; sourceTree = "<group>"; };
		2D478F7223DCF4480017234B /* DiscountsService.swift */ = {isa = PBXFileReference; lastKnownFileType = sourcecode.swift; path = DiscountsService.swift; sourceTree = "<group>"; };
		2D478F7423DCF45F0017234B /* DiscountsServiceMock.swift */ = {isa = PBXFileReference; lastKnownFileType = sourcecode.swift; path = DiscountsServiceMock.swift; sourceTree = "<group>"; };
		2D478F7623DCF48D0017234B /* GetCartWithDiscounts.swift */ = {isa = PBXFileReference; lastKnownFileType = sourcecode.swift; path = GetCartWithDiscounts.swift; sourceTree = "<group>"; };
		2D57ADF023E4D0C2003FB793 /* Checkout.swift */ = {isa = PBXFileReference; lastKnownFileType = sourcecode.swift; path = Checkout.swift; sourceTree = "<group>"; };
		2D57ADF223E4D2DF003FB793 /* CheckoutMock.swift */ = {isa = PBXFileReference; lastKnownFileType = sourcecode.swift; path = CheckoutMock.swift; sourceTree = "<group>"; };
		2D57ADF523E4D515003FB793 /* Total.swift */ = {isa = PBXFileReference; lastKnownFileType = sourcecode.swift; path = Total.swift; sourceTree = "<group>"; };
		2D84703E23E23A8A0055A56C /* Factory.swift */ = {isa = PBXFileReference; lastKnownFileType = sourcecode.swift; path = Factory.swift; sourceTree = "<group>"; };
		2D84704023E23C860055A56C /* AddProductToCartMock.swift */ = {isa = PBXFileReference; lastKnownFileType = sourcecode.swift; path = AddProductToCartMock.swift; sourceTree = "<group>"; };
		2D84704223E244480055A56C /* CoordinatorMock.swift */ = {isa = PBXFileReference; lastKnownFileType = sourcecode.swift; path = CoordinatorMock.swift; sourceTree = "<group>"; };
		2D84704423E244ED0055A56C /* CartViewModelTests.swift */ = {isa = PBXFileReference; lastKnownFileType = sourcecode.swift; path = CartViewModelTests.swift; sourceTree = "<group>"; };
		2D84704623E248000055A56C /* GetCartWithDiscountsMock.swift */ = {isa = PBXFileReference; lastKnownFileType = sourcecode.swift; path = GetCartWithDiscountsMock.swift; sourceTree = "<group>"; };
		2D9F6C5223DE06160042C770 /* DiscountsServiceTests.swift */ = {isa = PBXFileReference; lastKnownFileType = sourcecode.swift; path = DiscountsServiceTests.swift; sourceTree = "<group>"; };
		2D9F6C5423DE0D200042C770 /* DiscountConditionMock.swift */ = {isa = PBXFileReference; lastKnownFileType = sourcecode.swift; path = DiscountConditionMock.swift; sourceTree = "<group>"; };
		2D9F6C5623DE0D790042C770 /* DiscountCondition.swift */ = {isa = PBXFileReference; lastKnownFileType = sourcecode.swift; path = DiscountCondition.swift; sourceTree = "<group>"; };
		2D9F6C5A23DE10540042C770 /* Voucher2-for-1ConditionTests.swift */ = {isa = PBXFileReference; lastKnownFileType = sourcecode.swift; path = "Voucher2-for-1ConditionTests.swift"; sourceTree = "<group>"; };
		2D9F6C5D23DE16360042C770 /* Voucher2_for_1Condition.swift */ = {isa = PBXFileReference; lastKnownFileType = sourcecode.swift; path = Voucher2_for_1Condition.swift; sourceTree = "<group>"; };
		2D9F6C5F23DE16670042C770 /* CartFactoryTests.swift */ = {isa = PBXFileReference; lastKnownFileType = sourcecode.swift; path = CartFactoryTests.swift; sourceTree = "<group>"; };
		2D9F6C6123DE189F0042C770 /* Tshirt3OrMoreConditionTests.swift */ = {isa = PBXFileReference; lastKnownFileType = sourcecode.swift; path = Tshirt3OrMoreConditionTests.swift; sourceTree = "<group>"; };
		2D9F6C6323DE308C0042C770 /* Tshirt3OrMoreCondition.swift */ = {isa = PBXFileReference; lastKnownFileType = sourcecode.swift; path = Tshirt3OrMoreCondition.swift; sourceTree = "<group>"; };
		2D9F6C6523DE337D0042C770 /* ProductsService.swift */ = {isa = PBXFileReference; lastKnownFileType = sourcecode.swift; path = ProductsService.swift; sourceTree = "<group>"; };
		2D9F6C6723DE33E50042C770 /* Products.swift */ = {isa = PBXFileReference; lastKnownFileType = sourcecode.swift; path = Products.swift; sourceTree = "<group>"; };
		2D9F6C6A23DE341F0042C770 /* ApiProductsService.swift */ = {isa = PBXFileReference; lastKnownFileType = sourcecode.swift; path = ApiProductsService.swift; sourceTree = "<group>"; };
		2D9F6C6D23DE347E0042C770 /* ApiError.swift */ = {isa = PBXFileReference; lastKnownFileType = sourcecode.swift; path = ApiError.swift; sourceTree = "<group>"; };
		2D9F6C7023DE34CC0042C770 /* ProductsResponse.swift */ = {isa = PBXFileReference; lastKnownFileType = sourcecode.swift; path = ProductsResponse.swift; sourceTree = "<group>"; };
		2D9F6C7223DE37100042C770 /* ProductResponse.swift */ = {isa = PBXFileReference; lastKnownFileType = sourcecode.swift; path = ProductResponse.swift; sourceTree = "<group>"; };
		2D9F6C7423DE38720042C770 /* FindProductsTests.swift */ = {isa = PBXFileReference; lastKnownFileType = sourcecode.swift; path = FindProductsTests.swift; sourceTree = "<group>"; };
		2D9F6C7623DE6CAD0042C770 /* FindProducts.swift */ = {isa = PBXFileReference; lastKnownFileType = sourcecode.swift; path = FindProducts.swift; sourceTree = "<group>"; };
		2D9F6C7823DE6CE80042C770 /* ProductsRepository.swift */ = {isa = PBXFileReference; lastKnownFileType = sourcecode.swift; path = ProductsRepository.swift; sourceTree = "<group>"; };
		2D9F6C7A23DE6D060042C770 /* ProductsServiceMock.swift */ = {isa = PBXFileReference; lastKnownFileType = sourcecode.swift; path = ProductsServiceMock.swift; sourceTree = "<group>"; };
		2D9F6C7C23DE6D1E0042C770 /* ProductsRepositoryMock.swift */ = {isa = PBXFileReference; lastKnownFileType = sourcecode.swift; path = ProductsRepositoryMock.swift; sourceTree = "<group>"; };
		2DC16A9223E395BB00EF4F5C /* UserDefaultsProductsRepository.swift */ = {isa = PBXFileReference; lastKnownFileType = sourcecode.swift; path = UserDefaultsProductsRepository.swift; sourceTree = "<group>"; };
		2DC16A9423E39A9100EF4F5C /* DeleteProductFromCartTests.swift */ = {isa = PBXFileReference; lastKnownFileType = sourcecode.swift; path = DeleteProductFromCartTests.swift; sourceTree = "<group>"; };
		2DC16A9623E3A4E600EF4F5C /* DeleteProductsFromCart.swift */ = {isa = PBXFileReference; lastKnownFileType = sourcecode.swift; path = DeleteProductsFromCart.swift; sourceTree = "<group>"; };
		2DC16A9823E3B1CD00EF4F5C /* DeleteProductsFromCartMock.swift */ = {isa = PBXFileReference; lastKnownFileType = sourcecode.swift; path = DeleteProductsFromCartMock.swift; sourceTree = "<group>"; };
		497A05FCFB38317348ACE011 /* Pods_cabify_mobile_challenge.framework */ = {isa = PBXFileReference; explicitFileType = wrapper.framework; includeInIndex = 0; path = Pods_cabify_mobile_challenge.framework; sourceTree = BUILT_PRODUCTS_DIR; };
		8296721EFC2C3AA1B6B13AEE /* Pods-cabify-mobile-challengeTests.debug.xcconfig */ = {isa = PBXFileReference; includeInIndex = 1; lastKnownFileType = text.xcconfig; name = "Pods-cabify-mobile-challengeTests.debug.xcconfig"; path = "Target Support Files/Pods-cabify-mobile-challengeTests/Pods-cabify-mobile-challengeTests.debug.xcconfig"; sourceTree = "<group>"; };
		907F433FBD579AEEEE994E1F /* Pods-cabify-mobile-challenge.debug.xcconfig */ = {isa = PBXFileReference; includeInIndex = 1; lastKnownFileType = text.xcconfig; name = "Pods-cabify-mobile-challenge.debug.xcconfig"; path = "Target Support Files/Pods-cabify-mobile-challenge/Pods-cabify-mobile-challenge.debug.xcconfig"; sourceTree = "<group>"; };
		D3796976322154D56F675B66 /* Pods-cabify-mobile-challenge.release.xcconfig */ = {isa = PBXFileReference; includeInIndex = 1; lastKnownFileType = text.xcconfig; name = "Pods-cabify-mobile-challenge.release.xcconfig"; path = "Target Support Files/Pods-cabify-mobile-challenge/Pods-cabify-mobile-challenge.release.xcconfig"; sourceTree = "<group>"; };
		E4904B0B3977B5CD5705EC70 /* Pods-cabify-mobile-challengeTests.release.xcconfig */ = {isa = PBXFileReference; includeInIndex = 1; lastKnownFileType = text.xcconfig; name = "Pods-cabify-mobile-challengeTests.release.xcconfig"; path = "Target Support Files/Pods-cabify-mobile-challengeTests/Pods-cabify-mobile-challengeTests.release.xcconfig"; sourceTree = "<group>"; };
/* End PBXFileReference section */

/* Begin PBXFrameworksBuildPhase section */
		2D478F1523DCBA960017234B /* Frameworks */ = {
			isa = PBXFrameworksBuildPhase;
			buildActionMask = 2147483647;
			files = (
				FB25663634D5338CE600DCF6 /* Pods_cabify_mobile_challenge.framework in Frameworks */,
			);
			runOnlyForDeploymentPostprocessing = 0;
		};
		2D478F2B23DCBA990017234B /* Frameworks */ = {
			isa = PBXFrameworksBuildPhase;
			buildActionMask = 2147483647;
			files = (
				895078495319FD41D0EEABEA /* Pods_cabify_mobile_challengeTests.framework in Frameworks */,
			);
			runOnlyForDeploymentPostprocessing = 0;
		};
/* End PBXFrameworksBuildPhase section */

/* Begin PBXGroup section */
		2D02288623DFB00100940545 /* Cart */ = {
			isa = PBXGroup;
			children = (
				2D57ADF423E4D50A003FB793 /* ViewData */,
				2D02289823E0E12500940545 /* View */,
				2D02289023DFB05100940545 /* CartViewController.swift */,
				2D02289123DFB05100940545 /* CartView.swift */,
				2D02289223DFB05100940545 /* CartViewModel.swift */,
				2D02289323DFB05100940545 /* CartView.xib */,
			);
			path = Cart;
			sourceTree = "<group>";
		};
		2D02288723DFB00C00940545 /* Products */ = {
			isa = PBXGroup;
			children = (
				2D02289E23E0E1C000940545 /* View */,
				2D02288823DFB04200940545 /* ProductsViewController.swift */,
				2D02288923DFB04200940545 /* ProductsView.swift */,
				2D02288A23DFB04200940545 /* ProductsViewModel.swift */,
				2D02288B23DFB04200940545 /* ProductsView.xib */,
			);
			path = Products;
			sourceTree = "<group>";
		};
		2D02289823E0E12500940545 /* View */ = {
			isa = PBXGroup;
			children = (
				2D0228A423E0E1CB00940545 /* ItemCellView.swift */,
				2D0228A323E0E1CB00940545 /* ItemCellView.xib */,
			);
			path = View;
			sourceTree = "<group>";
		};
		2D02289E23E0E1C000940545 /* View */ = {
			isa = PBXGroup;
			children = (
				2D0228A023E0E1C000940545 /* ProductCellView.swift */,
				2D02289F23E0E1C000940545 /* ProductCellView.xib */,
			);
			path = View;
			sourceTree = "<group>";
		};
		2D0228A723E0F66900940545 /* Common */ = {
			isa = PBXGroup;
			children = (
				2D0228A823E0F67500940545 /* HeaderView.swift */,
			);
			path = Common;
			sourceTree = "<group>";
		};
		2D0228AA23E0F75900940545 /* Presentation */ = {
			isa = PBXGroup;
			children = (
				2D0228AB23E0F77100940545 /* ProductsViewModelTests.swift */,
				2D84704423E244ED0055A56C /* CartViewModelTests.swift */,
			);
			path = Presentation;
			sourceTree = "<group>";
		};
		2D478F0F23DCBA960017234B = {
			isa = PBXGroup;
			children = (
				2D478F1A23DCBA960017234B /* cabify-mobile-challenge */,
				2D478F3123DCBA990017234B /* cabify-mobile-challengeTests */,
				2D478F1923DCBA960017234B /* Products */,
				88F8D7E683EC015B43A5CCB6 /* Pods */,
				C7DF87C5DBDCF664D0B82493 /* Frameworks */,
			);
			sourceTree = "<group>";
		};
		2D478F1923DCBA960017234B /* Products */ = {
			isa = PBXGroup;
			children = (
				2D478F1823DCBA960017234B /* cabify-mobile-challenge.app */,
				2D478F2E23DCBA990017234B /* cabify-mobile-challengeTests.xctest */,
			);
			name = Products;
			sourceTree = "<group>";
		};
		2D478F1A23DCBA960017234B /* cabify-mobile-challenge */ = {
			isa = PBXGroup;
			children = (
				2D478F3F23DCBB900017234B /* Presentation */,
				2D478F3E23DCBB890017234B /* Infrastructure */,
				2D478F3D23DCBB820017234B /* Core */,
				2D478F1B23DCBA960017234B /* AppDelegate.swift */,
				2D478F1D23DCBA960017234B /* SceneDelegate.swift */,
				2D478F2423DCBA990017234B /* Assets.xcassets */,
				2D478F2623DCBA990017234B /* LaunchScreen.storyboard */,
				2D478F2923DCBA990017234B /* Info.plist */,
			);
			path = "cabify-mobile-challenge";
			sourceTree = "<group>";
		};
		2D478F3123DCBA990017234B /* cabify-mobile-challengeTests */ = {
			isa = PBXGroup;
			children = (
				2D478F6723DCE7D00017234B /* Doubles */,
				2D478F5B23DCCA480017234B /* Core */,
				2D9F6C5823DE0F7F0042C770 /* Infrastructure */,
				2D0228AA23E0F75900940545 /* Presentation */,
				2D478F4B23DCBE5F0017234B /* Mock.generated.swift */,
				2D478F3423DCBA990017234B /* Info.plist */,
				2D9F6C5F23DE16670042C770 /* CartFactoryTests.swift */,
			);
			path = "cabify-mobile-challengeTests";
			sourceTree = "<group>";
		};
		2D478F3D23DCBB820017234B /* Core */ = {
			isa = PBXGroup;
			children = (
				2D478F7123DCF42A0017234B /* Service */,
				2D478F6A23DCE8200017234B /* Action */,
				2D478F5223DCC2E20017234B /* Repository */,
				2D478F4D23DCC20A0017234B /* Domain */,
			);
			path = Core;
			sourceTree = "<group>";
		};
		2D478F3E23DCBB890017234B /* Infrastructure */ = {
			isa = PBXGroup;
			children = (
				2D9F6C6F23DE34B50042C770 /* Response */,
				2D9F6C6C23DE34720042C770 /* Entity */,
				2D9F6C6923DE34070042C770 /* Service */,
				2D9F6C5C23DE162B0042C770 /* Condition */,
				2D478F5F23DCDA1D0017234B /* Repository */,
			);
			path = Infrastructure;
			sourceTree = "<group>";
		};
		2D478F3F23DCBB900017234B /* Presentation */ = {
			isa = PBXGroup;
			children = (
				2D0228A723E0F66900940545 /* Common */,
				2D02288723DFB00C00940545 /* Products */,
				2D02288623DFB00100940545 /* Cart */,
				2D478F4023DCBBA00017234B /* Coordinator.swift */,
				2D84703E23E23A8A0055A56C /* Factory.swift */,
			);
			path = Presentation;
			sourceTree = "<group>";
		};
		2D478F4D23DCC20A0017234B /* Domain */ = {
			isa = PBXGroup;
			children = (
				2D478F5723DCC86B0017234B /* Cart.swift */,
				2D478F5523DCC3050017234B /* CartProduct.swift */,
				2D9F6C6723DE33E50042C770 /* Products.swift */,
				2D478F4E23DCC21A0017234B /* Product.swift */,
				2D478F5023DCC2990017234B /* Price.swift */,
				2D478F5923DCC9570017234B /* Discount.swift */,
				2D478F6523DCDC830017234B /* DomainError.swift */,
				2D9F6C5623DE0D790042C770 /* DiscountCondition.swift */,
			);
			path = Domain;
			sourceTree = "<group>";
		};
		2D478F5223DCC2E20017234B /* Repository */ = {
			isa = PBXGroup;
			children = (
				2D478F5323DCC2FB0017234B /* CartRepository.swift */,
				2D9F6C7823DE6CE80042C770 /* ProductsRepository.swift */,
			);
			path = Repository;
			sourceTree = "<group>";
		};
		2D478F5B23DCCA480017234B /* Core */ = {
			isa = PBXGroup;
			children = (
				2D9F6C5123DE05F30042C770 /* Service */,
				2D478F6223DCDB050017234B /* Action */,
				2D478F5C23DCCA4E0017234B /* Domain */,
			);
			path = Core;
			sourceTree = "<group>";
		};
		2D478F5C23DCCA4E0017234B /* Domain */ = {
			isa = PBXGroup;
			children = (
				2D478F5D23DCCA620017234B /* CartTests.swift */,
			);
			path = Domain;
			sourceTree = "<group>";
		};
		2D478F5F23DCDA1D0017234B /* Repository */ = {
			isa = PBXGroup;
			children = (
				2D478F6023DCDA2B0017234B /* InMemoryCartRepository.swift */,
				2D0228AE23E0FF4C00940545 /* InMemoryProductsRepository.swift */,
				2DC16A9223E395BB00EF4F5C /* UserDefaultsProductsRepository.swift */,
			);
			path = Repository;
			sourceTree = "<group>";
		};
		2D478F6223DCDB050017234B /* Action */ = {
			isa = PBXGroup;
			children = (
				2D478F6323DCDB220017234B /* AddProductToCartTests.swift */,
				2D478F6F23DCEEB60017234B /* GetCartWithDiscountsTests.swift */,
				2D9F6C7423DE38720042C770 /* FindProductsTests.swift */,
				2DC16A9423E39A9100EF4F5C /* DeleteProductFromCartTests.swift */,
			);
			path = Action;
			sourceTree = "<group>";
		};
		2D478F6723DCE7D00017234B /* Doubles */ = {
			isa = PBXGroup;
			children = (
				2D478F6823DCE7DF0017234B /* CartRepositoryMock.swift */,
				2D478F7423DCF45F0017234B /* DiscountsServiceMock.swift */,
				2D9F6C5423DE0D200042C770 /* DiscountConditionMock.swift */,
				2D9F6C7A23DE6D060042C770 /* ProductsServiceMock.swift */,
				2D9F6C7C23DE6D1E0042C770 /* ProductsRepositoryMock.swift */,
				2D0228B023E104E600940545 /* FindProductsMock.swift */,
				2D84704023E23C860055A56C /* AddProductToCartMock.swift */,
				2D84704223E244480055A56C /* CoordinatorMock.swift */,
				2D84704623E248000055A56C /* GetCartWithDiscountsMock.swift */,
				2DC16A9823E3B1CD00EF4F5C /* DeleteProductsFromCartMock.swift */,
				2D57ADF223E4D2DF003FB793 /* CheckoutMock.swift */,
			);
			path = Doubles;
			sourceTree = "<group>";
		};
		2D478F6A23DCE8200017234B /* Action */ = {
			isa = PBXGroup;
			children = (
				2D478F6B23DCE8290017234B /* AddProductToCart.swift */,
				2D478F6D23DCE9300017234B /* CreateCart.swift */,
				2D478F7623DCF48D0017234B /* GetCartWithDiscounts.swift */,
				2D9F6C7623DE6CAD0042C770 /* FindProducts.swift */,
				2DC16A9623E3A4E600EF4F5C /* DeleteProductsFromCart.swift */,
				2D57ADF023E4D0C2003FB793 /* Checkout.swift */,
			);
			path = Action;
			sourceTree = "<group>";
		};
		2D478F7123DCF42A0017234B /* Service */ = {
			isa = PBXGroup;
			children = (
				2D478F7223DCF4480017234B /* DiscountsService.swift */,
				2D9F6C6523DE337D0042C770 /* ProductsService.swift */,
			);
			path = Service;
			sourceTree = "<group>";
		};
		2D57ADF423E4D50A003FB793 /* ViewData */ = {
			isa = PBXGroup;
			children = (
				2D57ADF523E4D515003FB793 /* Total.swift */,
			);
			path = ViewData;
			sourceTree = "<group>";
		};
		2D9F6C5123DE05F30042C770 /* Service */ = {
			isa = PBXGroup;
			children = (
				2D9F6C5223DE06160042C770 /* DiscountsServiceTests.swift */,
			);
			path = Service;
			sourceTree = "<group>";
		};
		2D9F6C5823DE0F7F0042C770 /* Infrastructure */ = {
			isa = PBXGroup;
			children = (
				2D9F6C5923DE0F970042C770 /* Condition */,
			);
			path = Infrastructure;
			sourceTree = "<group>";
		};
		2D9F6C5923DE0F970042C770 /* Condition */ = {
			isa = PBXGroup;
			children = (
				2D9F6C5A23DE10540042C770 /* Voucher2-for-1ConditionTests.swift */,
				2D9F6C6123DE189F0042C770 /* Tshirt3OrMoreConditionTests.swift */,
			);
			path = Condition;
			sourceTree = "<group>";
		};
		2D9F6C5C23DE162B0042C770 /* Condition */ = {
			isa = PBXGroup;
			children = (
				2D9F6C5D23DE16360042C770 /* Voucher2_for_1Condition.swift */,
				2D9F6C6323DE308C0042C770 /* Tshirt3OrMoreCondition.swift */,
			);
			path = Condition;
			sourceTree = "<group>";
		};
		2D9F6C6923DE34070042C770 /* Service */ = {
			isa = PBXGroup;
			children = (
				2D9F6C6A23DE341F0042C770 /* ApiProductsService.swift */,
			);
			path = Service;
			sourceTree = "<group>";
		};
		2D9F6C6C23DE34720042C770 /* Entity */ = {
			isa = PBXGroup;
			children = (
				2D9F6C6D23DE347E0042C770 /* ApiError.swift */,
			);
			path = Entity;
			sourceTree = "<group>";
		};
		2D9F6C6F23DE34B50042C770 /* Response */ = {
			isa = PBXGroup;
			children = (
				2D9F6C7023DE34CC0042C770 /* ProductsResponse.swift */,
				2D9F6C7223DE37100042C770 /* ProductResponse.swift */,
			);
			path = Response;
			sourceTree = "<group>";
		};
		88F8D7E683EC015B43A5CCB6 /* Pods */ = {
			isa = PBXGroup;
			children = (
				907F433FBD579AEEEE994E1F /* Pods-cabify-mobile-challenge.debug.xcconfig */,
				D3796976322154D56F675B66 /* Pods-cabify-mobile-challenge.release.xcconfig */,
				8296721EFC2C3AA1B6B13AEE /* Pods-cabify-mobile-challengeTests.debug.xcconfig */,
				E4904B0B3977B5CD5705EC70 /* Pods-cabify-mobile-challengeTests.release.xcconfig */,
			);
			path = Pods;
			sourceTree = "<group>";
		};
		C7DF87C5DBDCF664D0B82493 /* Frameworks */ = {
			isa = PBXGroup;
			children = (
				497A05FCFB38317348ACE011 /* Pods_cabify_mobile_challenge.framework */,
				126C20937C29926DC04D624F /* Pods_cabify_mobile_challengeTests.framework */,
			);
			name = Frameworks;
			sourceTree = "<group>";
		};
/* End PBXGroup section */

/* Begin PBXNativeTarget section */
		2D478F1723DCBA960017234B /* cabify-mobile-challenge */ = {
			isa = PBXNativeTarget;
			buildConfigurationList = 2D478F3723DCBA9A0017234B /* Build configuration list for PBXNativeTarget "cabify-mobile-challenge" */;
			buildPhases = (
				40947ED1BEB98715A340E3CB /* [CP] Check Pods Manifest.lock */,
				2D478F1423DCBA960017234B /* Sources */,
				2D478F1523DCBA960017234B /* Frameworks */,
				2D478F1623DCBA960017234B /* Resources */,
				DFDA9A5074409568383DE8BB /* [CP] Embed Pods Frameworks */,
			);
			buildRules = (
			);
			dependencies = (
			);
			name = "cabify-mobile-challenge";
			productName = "cabify-mobile-challenge";
			productReference = 2D478F1823DCBA960017234B /* cabify-mobile-challenge.app */;
			productType = "com.apple.product-type.application";
		};
		2D478F2D23DCBA990017234B /* cabify-mobile-challengeTests */ = {
			isa = PBXNativeTarget;
			buildConfigurationList = 2D478F3A23DCBA9A0017234B /* Build configuration list for PBXNativeTarget "cabify-mobile-challengeTests" */;
			buildPhases = (
				8E6BEE10C5C63EF088641C9D /* [CP] Check Pods Manifest.lock */,
				2D478F2A23DCBA990017234B /* Sources */,
				2D478F2B23DCBA990017234B /* Frameworks */,
				2D478F2C23DCBA990017234B /* Resources */,
				4240B121A952A08001A36D7D /* [CP] Embed Pods Frameworks */,
			);
			buildRules = (
			);
			dependencies = (
				2D478F3023DCBA990017234B /* PBXTargetDependency */,
			);
			name = "cabify-mobile-challengeTests";
			productName = "cabify-mobile-challengeTests";
			productReference = 2D478F2E23DCBA990017234B /* cabify-mobile-challengeTests.xctest */;
			productType = "com.apple.product-type.bundle.unit-test";
		};
/* End PBXNativeTarget section */

/* Begin PBXProject section */
		2D478F1023DCBA960017234B /* Project object */ = {
			isa = PBXProject;
			attributes = {
				LastSwiftUpdateCheck = 1130;
				LastUpgradeCheck = 1130;
				ORGANIZATIONNAME = "Francisco Guerrero";
				TargetAttributes = {
					2D478F1723DCBA960017234B = {
						CreatedOnToolsVersion = 11.3;
					};
					2D478F2D23DCBA990017234B = {
						CreatedOnToolsVersion = 11.3;
						TestTargetID = 2D478F1723DCBA960017234B;
					};
				};
			};
			buildConfigurationList = 2D478F1323DCBA960017234B /* Build configuration list for PBXProject "cabify-mobile-challenge" */;
			compatibilityVersion = "Xcode 9.3";
			developmentRegion = en;
			hasScannedForEncodings = 0;
			knownRegions = (
				en,
				Base,
			);
			mainGroup = 2D478F0F23DCBA960017234B;
			productRefGroup = 2D478F1923DCBA960017234B /* Products */;
			projectDirPath = "";
			projectRoot = "";
			targets = (
				2D478F1723DCBA960017234B /* cabify-mobile-challenge */,
				2D478F2D23DCBA990017234B /* cabify-mobile-challengeTests */,
			);
		};
/* End PBXProject section */

/* Begin PBXResourcesBuildPhase section */
		2D478F1623DCBA960017234B /* Resources */ = {
			isa = PBXResourcesBuildPhase;
			buildActionMask = 2147483647;
			files = (
				2D02288F23DFB04200940545 /* ProductsView.xib in Resources */,
				2D0228A523E0E1CB00940545 /* ItemCellView.xib in Resources */,
				2D02289723DFB05100940545 /* CartView.xib in Resources */,
				2D0228A123E0E1C000940545 /* ProductCellView.xib in Resources */,
				2D478F2823DCBA990017234B /* LaunchScreen.storyboard in Resources */,
				2D478F2523DCBA990017234B /* Assets.xcassets in Resources */,
			);
			runOnlyForDeploymentPostprocessing = 0;
		};
		2D478F2C23DCBA990017234B /* Resources */ = {
			isa = PBXResourcesBuildPhase;
			buildActionMask = 2147483647;
			files = (
			);
			runOnlyForDeploymentPostprocessing = 0;
		};
/* End PBXResourcesBuildPhase section */

/* Begin PBXShellScriptBuildPhase section */
		40947ED1BEB98715A340E3CB /* [CP] Check Pods Manifest.lock */ = {
			isa = PBXShellScriptBuildPhase;
			buildActionMask = 2147483647;
			files = (
			);
			inputFileListPaths = (
			);
			inputPaths = (
				"${PODS_PODFILE_DIR_PATH}/Podfile.lock",
				"${PODS_ROOT}/Manifest.lock",
			);
			name = "[CP] Check Pods Manifest.lock";
			outputFileListPaths = (
			);
			outputPaths = (
				"$(DERIVED_FILE_DIR)/Pods-cabify-mobile-challenge-checkManifestLockResult.txt",
			);
			runOnlyForDeploymentPostprocessing = 0;
			shellPath = /bin/sh;
			shellScript = "diff \"${PODS_PODFILE_DIR_PATH}/Podfile.lock\" \"${PODS_ROOT}/Manifest.lock\" > /dev/null\nif [ $? != 0 ] ; then\n    # print error to STDERR\n    echo \"error: The sandbox is not in sync with the Podfile.lock. Run 'pod install' or update your CocoaPods installation.\" >&2\n    exit 1\nfi\n# This output is used by Xcode 'outputs' to avoid re-running this script phase.\necho \"SUCCESS\" > \"${SCRIPT_OUTPUT_FILE_0}\"\n";
			showEnvVarsInLog = 0;
		};
		4240B121A952A08001A36D7D /* [CP] Embed Pods Frameworks */ = {
			isa = PBXShellScriptBuildPhase;
			buildActionMask = 2147483647;
			files = (
			);
			inputFileListPaths = (
				"${PODS_ROOT}/Target Support Files/Pods-cabify-mobile-challengeTests/Pods-cabify-mobile-challengeTests-frameworks-${CONFIGURATION}-input-files.xcfilelist",
			);
			name = "[CP] Embed Pods Frameworks";
			outputFileListPaths = (
				"${PODS_ROOT}/Target Support Files/Pods-cabify-mobile-challengeTests/Pods-cabify-mobile-challengeTests-frameworks-${CONFIGURATION}-output-files.xcfilelist",
			);
			runOnlyForDeploymentPostprocessing = 0;
			shellPath = /bin/sh;
			shellScript = "\"${PODS_ROOT}/Target Support Files/Pods-cabify-mobile-challengeTests/Pods-cabify-mobile-challengeTests-frameworks.sh\"\n";
			showEnvVarsInLog = 0;
		};
		8E6BEE10C5C63EF088641C9D /* [CP] Check Pods Manifest.lock */ = {
			isa = PBXShellScriptBuildPhase;
			buildActionMask = 2147483647;
			files = (
			);
			inputFileListPaths = (
			);
			inputPaths = (
				"${PODS_PODFILE_DIR_PATH}/Podfile.lock",
				"${PODS_ROOT}/Manifest.lock",
			);
			name = "[CP] Check Pods Manifest.lock";
			outputFileListPaths = (
			);
			outputPaths = (
				"$(DERIVED_FILE_DIR)/Pods-cabify-mobile-challengeTests-checkManifestLockResult.txt",
			);
			runOnlyForDeploymentPostprocessing = 0;
			shellPath = /bin/sh;
			shellScript = "diff \"${PODS_PODFILE_DIR_PATH}/Podfile.lock\" \"${PODS_ROOT}/Manifest.lock\" > /dev/null\nif [ $? != 0 ] ; then\n    # print error to STDERR\n    echo \"error: The sandbox is not in sync with the Podfile.lock. Run 'pod install' or update your CocoaPods installation.\" >&2\n    exit 1\nfi\n# This output is used by Xcode 'outputs' to avoid re-running this script phase.\necho \"SUCCESS\" > \"${SCRIPT_OUTPUT_FILE_0}\"\n";
			showEnvVarsInLog = 0;
		};
		DFDA9A5074409568383DE8BB /* [CP] Embed Pods Frameworks */ = {
			isa = PBXShellScriptBuildPhase;
			buildActionMask = 2147483647;
			files = (
			);
			inputFileListPaths = (
				"${PODS_ROOT}/Target Support Files/Pods-cabify-mobile-challenge/Pods-cabify-mobile-challenge-frameworks-${CONFIGURATION}-input-files.xcfilelist",
			);
			name = "[CP] Embed Pods Frameworks";
			outputFileListPaths = (
				"${PODS_ROOT}/Target Support Files/Pods-cabify-mobile-challenge/Pods-cabify-mobile-challenge-frameworks-${CONFIGURATION}-output-files.xcfilelist",
			);
			runOnlyForDeploymentPostprocessing = 0;
			shellPath = /bin/sh;
			shellScript = "\"${PODS_ROOT}/Target Support Files/Pods-cabify-mobile-challenge/Pods-cabify-mobile-challenge-frameworks.sh\"\n";
			showEnvVarsInLog = 0;
		};
/* End PBXShellScriptBuildPhase section */

/* Begin PBXSourcesBuildPhase section */
		2D478F1423DCBA960017234B /* Sources */ = {
			isa = PBXSourcesBuildPhase;
			buildActionMask = 2147483647;
			files = (
				2D478F7323DCF4480017234B /* DiscountsService.swift in Sources */,
				2D9F6C5723DE0D790042C770 /* DiscountCondition.swift in Sources */,
				2D0228AF23E0FF4C00940545 /* InMemoryProductsRepository.swift in Sources */,
				2D478F5423DCC2FB0017234B /* CartRepository.swift in Sources */,
				2D9F6C5E23DE16360042C770 /* Voucher2_for_1Condition.swift in Sources */,
				2D0228A223E0E1C000940545 /* ProductCellView.swift in Sources */,
				2D478F1C23DCBA960017234B /* AppDelegate.swift in Sources */,
				2D57ADF123E4D0C2003FB793 /* Checkout.swift in Sources */,
				2D57ADF623E4D515003FB793 /* Total.swift in Sources */,
				2D478F5A23DCC9570017234B /* Discount.swift in Sources */,
				2D02288D23DFB04200940545 /* ProductsView.swift in Sources */,
				2D02289423DFB05100940545 /* CartViewController.swift in Sources */,
				2DC16A9323E395BB00EF4F5C /* UserDefaultsProductsRepository.swift in Sources */,
				2D478F5123DCC2990017234B /* Price.swift in Sources */,
				2D478F1E23DCBA960017234B /* SceneDelegate.swift in Sources */,
				2D478F5823DCC86B0017234B /* Cart.swift in Sources */,
				2D478F4123DCBBA00017234B /* Coordinator.swift in Sources */,
				2D9F6C6823DE33E50042C770 /* Products.swift in Sources */,
				2D478F6123DCDA2B0017234B /* InMemoryCartRepository.swift in Sources */,
				2D478F6E23DCE9300017234B /* CreateCart.swift in Sources */,
				2D02289623DFB05100940545 /* CartViewModel.swift in Sources */,
				2D478F7723DCF48D0017234B /* GetCartWithDiscounts.swift in Sources */,
				2D9F6C7323DE37100042C770 /* ProductResponse.swift in Sources */,
				2D9F6C7923DE6CE80042C770 /* ProductsRepository.swift in Sources */,
				2D0228A923E0F67500940545 /* HeaderView.swift in Sources */,
				2D02288E23DFB04200940545 /* ProductsViewModel.swift in Sources */,
				2D02289523DFB05100940545 /* CartView.swift in Sources */,
				2DC16A9723E3A4E600EF4F5C /* DeleteProductsFromCart.swift in Sources */,
				2D478F5623DCC3050017234B /* CartProduct.swift in Sources */,
				2D9F6C6423DE308C0042C770 /* Tshirt3OrMoreCondition.swift in Sources */,
				2D9F6C6B23DE341F0042C770 /* ApiProductsService.swift in Sources */,
				2D478F6C23DCE8290017234B /* AddProductToCart.swift in Sources */,
				2D478F6623DCDC830017234B /* DomainError.swift in Sources */,
				2D02288C23DFB04200940545 /* ProductsViewController.swift in Sources */,
				2D9F6C7123DE34CC0042C770 /* ProductsResponse.swift in Sources */,
				2D478F4F23DCC21A0017234B /* Product.swift in Sources */,
				2D9F6C6E23DE347E0042C770 /* ApiError.swift in Sources */,
				2D0228A623E0E1CB00940545 /* ItemCellView.swift in Sources */,
				2D9F6C7723DE6CAD0042C770 /* FindProducts.swift in Sources */,
				2D84703F23E23A8A0055A56C /* Factory.swift in Sources */,
				2D9F6C6623DE337D0042C770 /* ProductsService.swift in Sources */,
			);
			runOnlyForDeploymentPostprocessing = 0;
		};
		2D478F2A23DCBA990017234B /* Sources */ = {
			isa = PBXSourcesBuildPhase;
			buildActionMask = 2147483647;
			files = (
				2D84704523E244ED0055A56C /* CartViewModelTests.swift in Sources */,
				2D0228B123E104E600940545 /* FindProductsMock.swift in Sources */,
				2DC16A9523E39A9100EF4F5C /* DeleteProductFromCartTests.swift in Sources */,
				2D9F6C5523DE0D200042C770 /* DiscountConditionMock.swift in Sources */,
				2D478F4C23DCBE5F0017234B /* Mock.generated.swift in Sources */,
				2D9F6C7523DE38720042C770 /* FindProductsTests.swift in Sources */,
				2D84704123E23C860055A56C /* AddProductToCartMock.swift in Sources */,
				2D0228AC23E0F77100940545 /* ProductsViewModelTests.swift in Sources */,
				2D9F6C5323DE06160042C770 /* DiscountsServiceTests.swift in Sources */,
				2D478F7023DCEEB60017234B /* GetCartWithDiscountsTests.swift in Sources */,
				2D84704323E244480055A56C /* CoordinatorMock.swift in Sources */,
				2D478F5E23DCCA620017234B /* CartTests.swift in Sources */,
				2D9F6C6223DE189F0042C770 /* Tshirt3OrMoreConditionTests.swift in Sources */,
				2D478F6423DCDB220017234B /* AddProductToCartTests.swift in Sources */,
				2DC16A9923E3B1CD00EF4F5C /* DeleteProductsFromCartMock.swift in Sources */,
				2D9F6C7B23DE6D060042C770 /* ProductsServiceMock.swift in Sources */,
				2D9F6C6023DE16670042C770 /* CartFactoryTests.swift in Sources */,
				2D478F7523DCF45F0017234B /* DiscountsServiceMock.swift in Sources */,
				2D57ADF323E4D2DF003FB793 /* CheckoutMock.swift in Sources */,
				2D9F6C5B23DE10540042C770 /* Voucher2-for-1ConditionTests.swift in Sources */,
				2D84704723E248000055A56C /* GetCartWithDiscountsMock.swift in Sources */,
				2D478F6923DCE7DF0017234B /* CartRepositoryMock.swift in Sources */,
				2D9F6C7D23DE6D1E0042C770 /* ProductsRepositoryMock.swift in Sources */,
			);
			runOnlyForDeploymentPostprocessing = 0;
		};
/* End PBXSourcesBuildPhase section */

/* Begin PBXTargetDependency section */
		2D478F3023DCBA990017234B /* PBXTargetDependency */ = {
			isa = PBXTargetDependency;
			target = 2D478F1723DCBA960017234B /* cabify-mobile-challenge */;
			targetProxy = 2D478F2F23DCBA990017234B /* PBXContainerItemProxy */;
		};
/* End PBXTargetDependency section */

/* Begin PBXVariantGroup section */
		2D478F2623DCBA990017234B /* LaunchScreen.storyboard */ = {
			isa = PBXVariantGroup;
			children = (
				2D478F2723DCBA990017234B /* Base */,
			);
			name = LaunchScreen.storyboard;
			sourceTree = "<group>";
		};
/* End PBXVariantGroup section */

/* Begin XCBuildConfiguration section */
		2D478F3523DCBA990017234B /* Debug */ = {
			isa = XCBuildConfiguration;
			buildSettings = {
				ALWAYS_SEARCH_USER_PATHS = NO;
				CLANG_ANALYZER_NONNULL = YES;
				CLANG_ANALYZER_NUMBER_OBJECT_CONVERSION = YES_AGGRESSIVE;
				CLANG_CXX_LANGUAGE_STANDARD = "gnu++14";
				CLANG_CXX_LIBRARY = "libc++";
				CLANG_ENABLE_MODULES = YES;
				CLANG_ENABLE_OBJC_ARC = YES;
				CLANG_ENABLE_OBJC_WEAK = YES;
				CLANG_WARN_BLOCK_CAPTURE_AUTORELEASING = YES;
				CLANG_WARN_BOOL_CONVERSION = YES;
				CLANG_WARN_COMMA = YES;
				CLANG_WARN_CONSTANT_CONVERSION = YES;
				CLANG_WARN_DEPRECATED_OBJC_IMPLEMENTATIONS = YES;
				CLANG_WARN_DIRECT_OBJC_ISA_USAGE = YES_ERROR;
				CLANG_WARN_DOCUMENTATION_COMMENTS = YES;
				CLANG_WARN_EMPTY_BODY = YES;
				CLANG_WARN_ENUM_CONVERSION = YES;
				CLANG_WARN_INFINITE_RECURSION = YES;
				CLANG_WARN_INT_CONVERSION = YES;
				CLANG_WARN_NON_LITERAL_NULL_CONVERSION = YES;
				CLANG_WARN_OBJC_IMPLICIT_RETAIN_SELF = YES;
				CLANG_WARN_OBJC_LITERAL_CONVERSION = YES;
				CLANG_WARN_OBJC_ROOT_CLASS = YES_ERROR;
				CLANG_WARN_RANGE_LOOP_ANALYSIS = YES;
				CLANG_WARN_STRICT_PROTOTYPES = YES;
				CLANG_WARN_SUSPICIOUS_MOVE = YES;
				CLANG_WARN_UNGUARDED_AVAILABILITY = YES_AGGRESSIVE;
				CLANG_WARN_UNREACHABLE_CODE = YES;
				CLANG_WARN__DUPLICATE_METHOD_MATCH = YES;
				COPY_PHASE_STRIP = NO;
				DEBUG_INFORMATION_FORMAT = dwarf;
				ENABLE_STRICT_OBJC_MSGSEND = YES;
				ENABLE_TESTABILITY = YES;
				GCC_C_LANGUAGE_STANDARD = gnu11;
				GCC_DYNAMIC_NO_PIC = NO;
				GCC_NO_COMMON_BLOCKS = YES;
				GCC_OPTIMIZATION_LEVEL = 0;
				GCC_PREPROCESSOR_DEFINITIONS = (
					"DEBUG=1",
					"$(inherited)",
				);
				GCC_WARN_64_TO_32_BIT_CONVERSION = YES;
				GCC_WARN_ABOUT_RETURN_TYPE = YES_ERROR;
				GCC_WARN_UNDECLARED_SELECTOR = YES;
				GCC_WARN_UNINITIALIZED_AUTOS = YES_AGGRESSIVE;
				GCC_WARN_UNUSED_FUNCTION = YES;
				GCC_WARN_UNUSED_VARIABLE = YES;
				IPHONEOS_DEPLOYMENT_TARGET = 13.2;
				MTL_ENABLE_DEBUG_INFO = INCLUDE_SOURCE;
				MTL_FAST_MATH = YES;
				ONLY_ACTIVE_ARCH = YES;
				SDKROOT = iphoneos;
				SWIFT_ACTIVE_COMPILATION_CONDITIONS = DEBUG;
				SWIFT_OPTIMIZATION_LEVEL = "-Onone";
			};
			name = Debug;
		};
		2D478F3623DCBA9A0017234B /* Release */ = {
			isa = XCBuildConfiguration;
			buildSettings = {
				ALWAYS_SEARCH_USER_PATHS = NO;
				CLANG_ANALYZER_NONNULL = YES;
				CLANG_ANALYZER_NUMBER_OBJECT_CONVERSION = YES_AGGRESSIVE;
				CLANG_CXX_LANGUAGE_STANDARD = "gnu++14";
				CLANG_CXX_LIBRARY = "libc++";
				CLANG_ENABLE_MODULES = YES;
				CLANG_ENABLE_OBJC_ARC = YES;
				CLANG_ENABLE_OBJC_WEAK = YES;
				CLANG_WARN_BLOCK_CAPTURE_AUTORELEASING = YES;
				CLANG_WARN_BOOL_CONVERSION = YES;
				CLANG_WARN_COMMA = YES;
				CLANG_WARN_CONSTANT_CONVERSION = YES;
				CLANG_WARN_DEPRECATED_OBJC_IMPLEMENTATIONS = YES;
				CLANG_WARN_DIRECT_OBJC_ISA_USAGE = YES_ERROR;
				CLANG_WARN_DOCUMENTATION_COMMENTS = YES;
				CLANG_WARN_EMPTY_BODY = YES;
				CLANG_WARN_ENUM_CONVERSION = YES;
				CLANG_WARN_INFINITE_RECURSION = YES;
				CLANG_WARN_INT_CONVERSION = YES;
				CLANG_WARN_NON_LITERAL_NULL_CONVERSION = YES;
				CLANG_WARN_OBJC_IMPLICIT_RETAIN_SELF = YES;
				CLANG_WARN_OBJC_LITERAL_CONVERSION = YES;
				CLANG_WARN_OBJC_ROOT_CLASS = YES_ERROR;
				CLANG_WARN_RANGE_LOOP_ANALYSIS = YES;
				CLANG_WARN_STRICT_PROTOTYPES = YES;
				CLANG_WARN_SUSPICIOUS_MOVE = YES;
				CLANG_WARN_UNGUARDED_AVAILABILITY = YES_AGGRESSIVE;
				CLANG_WARN_UNREACHABLE_CODE = YES;
				CLANG_WARN__DUPLICATE_METHOD_MATCH = YES;
				COPY_PHASE_STRIP = NO;
				DEBUG_INFORMATION_FORMAT = "dwarf-with-dsym";
				ENABLE_NS_ASSERTIONS = NO;
				ENABLE_STRICT_OBJC_MSGSEND = YES;
				GCC_C_LANGUAGE_STANDARD = gnu11;
				GCC_NO_COMMON_BLOCKS = YES;
				GCC_WARN_64_TO_32_BIT_CONVERSION = YES;
				GCC_WARN_ABOUT_RETURN_TYPE = YES_ERROR;
				GCC_WARN_UNDECLARED_SELECTOR = YES;
				GCC_WARN_UNINITIALIZED_AUTOS = YES_AGGRESSIVE;
				GCC_WARN_UNUSED_FUNCTION = YES;
				GCC_WARN_UNUSED_VARIABLE = YES;
				IPHONEOS_DEPLOYMENT_TARGET = 13.2;
				MTL_ENABLE_DEBUG_INFO = NO;
				MTL_FAST_MATH = YES;
				SDKROOT = iphoneos;
				SWIFT_COMPILATION_MODE = wholemodule;
				SWIFT_OPTIMIZATION_LEVEL = "-O";
				VALIDATE_PRODUCT = YES;
			};
			name = Release;
		};
		2D478F3823DCBA9A0017234B /* Debug */ = {
			isa = XCBuildConfiguration;
			baseConfigurationReference = 907F433FBD579AEEEE994E1F /* Pods-cabify-mobile-challenge.debug.xcconfig */;
			buildSettings = {
				ASSETCATALOG_COMPILER_APPICON_NAME = AppIcon;
				CODE_SIGN_STYLE = Automatic;
				DEVELOPMENT_TEAM = E3GM97CH7R;
				INFOPLIST_FILE = "cabify-mobile-challenge/Info.plist";
				LD_RUNPATH_SEARCH_PATHS = (
					"$(inherited)",
					"@executable_path/Frameworks",
				);
				PRODUCT_BUNDLE_IDENTIFIER = "francoguerrerog.cabify-mobile-challenge";
				PRODUCT_NAME = "$(TARGET_NAME)";
				SWIFT_VERSION = 5.0;
				TARGETED_DEVICE_FAMILY = "1,2";
			};
			name = Debug;
		};
		2D478F3923DCBA9A0017234B /* Release */ = {
			isa = XCBuildConfiguration;
			baseConfigurationReference = D3796976322154D56F675B66 /* Pods-cabify-mobile-challenge.release.xcconfig */;
			buildSettings = {
				ASSETCATALOG_COMPILER_APPICON_NAME = AppIcon;
				CODE_SIGN_STYLE = Automatic;
				DEVELOPMENT_TEAM = E3GM97CH7R;
				INFOPLIST_FILE = "cabify-mobile-challenge/Info.plist";
				LD_RUNPATH_SEARCH_PATHS = (
					"$(inherited)",
					"@executable_path/Frameworks",
				);
				PRODUCT_BUNDLE_IDENTIFIER = "francoguerrerog.cabify-mobile-challenge";
				PRODUCT_NAME = "$(TARGET_NAME)";
				SWIFT_VERSION = 5.0;
				TARGETED_DEVICE_FAMILY = "1,2";
			};
			name = Release;
		};
		2D478F3B23DCBA9A0017234B /* Debug */ = {
			isa = XCBuildConfiguration;
			baseConfigurationReference = 8296721EFC2C3AA1B6B13AEE /* Pods-cabify-mobile-challengeTests.debug.xcconfig */;
			buildSettings = {
				ALWAYS_EMBED_SWIFT_STANDARD_LIBRARIES = YES;
				BUNDLE_LOADER = "$(TEST_HOST)";
				CODE_SIGN_STYLE = Automatic;
				DEVELOPMENT_TEAM = E3GM97CH7R;
				INFOPLIST_FILE = "cabify-mobile-challengeTests/Info.plist";
				IPHONEOS_DEPLOYMENT_TARGET = 13.2;
				LD_RUNPATH_SEARCH_PATHS = (
					"$(inherited)",
					"@executable_path/Frameworks",
					"@loader_path/Frameworks",
				);
				PRODUCT_BUNDLE_IDENTIFIER = "francoguerrerog.cabify-mobile-challengeTests";
				PRODUCT_NAME = "$(TARGET_NAME)";
				SWIFT_VERSION = 5.0;
				TARGETED_DEVICE_FAMILY = "1,2";
				TEST_HOST = "$(BUILT_PRODUCTS_DIR)/cabify-mobile-challenge.app/cabify-mobile-challenge";
			};
			name = Debug;
		};
		2D478F3C23DCBA9A0017234B /* Release */ = {
			isa = XCBuildConfiguration;
			baseConfigurationReference = E4904B0B3977B5CD5705EC70 /* Pods-cabify-mobile-challengeTests.release.xcconfig */;
			buildSettings = {
				ALWAYS_EMBED_SWIFT_STANDARD_LIBRARIES = YES;
				BUNDLE_LOADER = "$(TEST_HOST)";
				CODE_SIGN_STYLE = Automatic;
				DEVELOPMENT_TEAM = E3GM97CH7R;
				INFOPLIST_FILE = "cabify-mobile-challengeTests/Info.plist";
				IPHONEOS_DEPLOYMENT_TARGET = 13.2;
				LD_RUNPATH_SEARCH_PATHS = (
					"$(inherited)",
					"@executable_path/Frameworks",
					"@loader_path/Frameworks",
				);
				PRODUCT_BUNDLE_IDENTIFIER = "francoguerrerog.cabify-mobile-challengeTests";
				PRODUCT_NAME = "$(TARGET_NAME)";
				SWIFT_VERSION = 5.0;
				TARGETED_DEVICE_FAMILY = "1,2";
				TEST_HOST = "$(BUILT_PRODUCTS_DIR)/cabify-mobile-challenge.app/cabify-mobile-challenge";
			};
			name = Release;
		};
/* End XCBuildConfiguration section */

/* Begin XCConfigurationList section */
		2D478F1323DCBA960017234B /* Build configuration list for PBXProject "cabify-mobile-challenge" */ = {
			isa = XCConfigurationList;
			buildConfigurations = (
				2D478F3523DCBA990017234B /* Debug */,
				2D478F3623DCBA9A0017234B /* Release */,
			);
			defaultConfigurationIsVisible = 0;
			defaultConfigurationName = Release;
		};
		2D478F3723DCBA9A0017234B /* Build configuration list for PBXNativeTarget "cabify-mobile-challenge" */ = {
			isa = XCConfigurationList;
			buildConfigurations = (
				2D478F3823DCBA9A0017234B /* Debug */,
				2D478F3923DCBA9A0017234B /* Release */,
			);
			defaultConfigurationIsVisible = 0;
			defaultConfigurationName = Release;
		};
		2D478F3A23DCBA9A0017234B /* Build configuration list for PBXNativeTarget "cabify-mobile-challengeTests" */ = {
			isa = XCConfigurationList;
			buildConfigurations = (
				2D478F3B23DCBA9A0017234B /* Debug */,
				2D478F3C23DCBA9A0017234B /* Release */,
			);
			defaultConfigurationIsVisible = 0;
			defaultConfigurationName = Release;
		};
/* End XCConfigurationList section */
	};
	rootObject = 2D478F1023DCBA960017234B /* Project object */;
}
